
Microsoft Visual Studio Solution File, Format Version 12.00
#
Project("{FAE04EC0-301F-11D3-BF4B-00C04F79EFBC}") = "BabelBot.Worker", "src\BabelBot.Worker\BabelBot.Worker.csproj", "{62EEFF90-B342-4799-BC97-B4F5F495DEB0}"
EndProject
Project("{FAE04EC0-301F-11D3-BF4B-00C04F79EFBC}") = "BabelBot.Shared", "src\BabelBot.Shared\BabelBot.Shared.csproj", "{6C07F17F-C260-4C27-B1C8-A4CF24730303}"
EndProject
Project("{FAE04EC0-301F-11D3-BF4B-00C04F79EFBC}") = "BabelBot.Translator.DeepL", "src\BabelBot.Translator.DeepL\BabelBot.Translator.DeepL.csproj", "{FB871688-7485-424C-8626-BFDB04027AC1}"
EndProject
Project("{FAE04EC0-301F-11D3-BF4B-00C04F79EFBC}") = "BabelBot.Receiver.Telegram", "src\BabelBot.Receiver.Telegram\BabelBot.Receiver.Telegram.csproj", "{72561E09-1DE7-4692-9F1D-73190DF2E657}"
EndProject
Project("{FAE04EC0-301F-11D3-BF4B-00C04F79EFBC}") = "BabelBot.Receiver.Commands", "src\BabelBot.Receiver.Commands\BabelBot.Receiver.Commands.csproj", "{C61C0BA4-A8C9-4F6F-9F78-F9B62E07CB4A}"
EndProject
Project("{2150E333-8FDC-42A3-9474-1A3956D46DE8}") = "tests", "tests", "{0759AA78-9851-423A-9ABF-7022615B85E2}"
EndProject
Project("{2150E333-8FDC-42A3-9474-1A3956D46DE8}") = "unit", "unit", "{74FB902B-8258-403A-AF21-B0BE144AF8EC}"
EndProject
Project("{FAE04EC0-301F-11D3-BF4B-00C04F79EFBC}") = "BabelBot.Receiver.Commands.Tests.Unit", "tests\unit\BabelBot.Receiver.Commands.Tests.Unit\BabelBot.Receiver.Commands.Tests.Unit.csproj", "{E281779C-2656-4EED-A724-0B04F8F6D0F1}"
EndProject
Global
	GlobalSection(SolutionConfigurationPlatforms) = preSolution
		Debug|Any CPU = Debug|Any CPU
		Release|Any CPU = Release|Any CPU
	EndGlobalSection
	GlobalSection(ProjectConfigurationPlatforms) = postSolution
		{62EEFF90-B342-4799-BC97-B4F5F495DEB0}.Debug|Any CPU.ActiveCfg = Debug|Any CPU
		{62EEFF90-B342-4799-BC97-B4F5F495DEB0}.Debug|Any CPU.Build.0 = Debug|Any CPU
		{62EEFF90-B342-4799-BC97-B4F5F495DEB0}.Release|Any CPU.ActiveCfg = Release|Any CPU
		{62EEFF90-B342-4799-BC97-B4F5F495DEB0}.Release|Any CPU.Build.0 = Release|Any CPU
		{6C07F17F-C260-4C27-B1C8-A4CF24730303}.Debug|Any CPU.ActiveCfg = Debug|Any CPU
		{6C07F17F-C260-4C27-B1C8-A4CF24730303}.Debug|Any CPU.Build.0 = Debug|Any CPU
		{6C07F17F-C260-4C27-B1C8-A4CF24730303}.Release|Any CPU.ActiveCfg = Release|Any CPU
		{6C07F17F-C260-4C27-B1C8-A4CF24730303}.Release|Any CPU.Build.0 = Release|Any CPU
		{FB871688-7485-424C-8626-BFDB04027AC1}.Debug|Any CPU.ActiveCfg = Debug|Any CPU
		{FB871688-7485-424C-8626-BFDB04027AC1}.Debug|Any CPU.Build.0 = Debug|Any CPU
		{FB871688-7485-424C-8626-BFDB04027AC1}.Release|Any CPU.ActiveCfg = Release|Any CPU
		{FB871688-7485-424C-8626-BFDB04027AC1}.Release|Any CPU.Build.0 = Release|Any CPU
		{72561E09-1DE7-4692-9F1D-73190DF2E657}.Debug|Any CPU.ActiveCfg = Debug|Any CPU
		{72561E09-1DE7-4692-9F1D-73190DF2E657}.Debug|Any CPU.Build.0 = Debug|Any CPU
		{72561E09-1DE7-4692-9F1D-73190DF2E657}.Release|Any CPU.ActiveCfg = Release|Any CPU
		{72561E09-1DE7-4692-9F1D-73190DF2E657}.Release|Any CPU.Build.0 = Release|Any CPU
		{C61C0BA4-A8C9-4F6F-9F78-F9B62E07CB4A}.Debug|Any CPU.ActiveCfg = Debug|Any CPU
		{C61C0BA4-A8C9-4F6F-9F78-F9B62E07CB4A}.Debug|Any CPU.Build.0 = Debug|Any CPU
		{C61C0BA4-A8C9-4F6F-9F78-F9B62E07CB4A}.Release|Any CPU.ActiveCfg = Release|Any CPU
		{C61C0BA4-A8C9-4F6F-9F78-F9B62E07CB4A}.Release|Any CPU.Build.0 = Release|Any CPU
		{E281779C-2656-4EED-A724-0B04F8F6D0F1}.Debug|Any CPU.ActiveCfg = Debug|Any CPU
		{E281779C-2656-4EED-A724-0B04F8F6D0F1}.Debug|Any CPU.Build.0 = Debug|Any CPU
		{E281779C-2656-4EED-A724-0B04F8F6D0F1}.Release|Any CPU.ActiveCfg = Release|Any CPU
		{E281779C-2656-4EED-A724-0B04F8F6D0F1}.Release|Any CPU.Build.0 = Release|Any CPU
		{85DF5F0D-9B07-497D-9626-FE871E7D0696}.Debug|Any CPU.ActiveCfg = Debug|Any CPU
		{85DF5F0D-9B07-497D-9626-FE871E7D0696}.Debug|Any CPU.Build.0 = Debug|Any CPU
		{85DF5F0D-9B07-497D-9626-FE871E7D0696}.Release|Any CPU.ActiveCfg = Release|Any CPU
		{85DF5F0D-9B07-497D-9626-FE871E7D0696}.Release|Any CPU.Build.0 = Release|Any CPU
	EndGlobalSection
	GlobalSection(NestedProjects) = preSolution
		{74FB902B-8258-403A-AF21-B0BE144AF8EC} = {0759AA78-9851-423A-9ABF-7022615B85E2}
		{E281779C-2656-4EED-A724-0B04F8F6D0F1} = {74FB902B-8258-403A-AF21-B0BE144AF8EC}
	EndGlobalSection
EndGlobal
